
Microsoft Visual Studio Solution File, Format Version 12.00
# Visual Studio 15
VisualStudioVersion = 15.0.28307.489
MinimumVisualStudioVersion = 10.0.40219.1
Project("{FAE04EC0-301F-11D3-BF4B-00C04F79EFBC}") = "master", "mos-sub-console\master.csproj", "{83BFC4B0-79CF-4CBD-9803-829C99BC3B40}"
EndProject
Project("{FAE04EC0-301F-11D3-BF4B-00C04F79EFBC}") = "client", "mos-pub-console\client.csproj", "{E463C894-9FB1-4143-B109-841C4DA08306}"
EndProject
Project("{888888A0-9F3D-457C-B088-3A5042F75D52}") = "client-py", "client-py\client-py.pyproj", "{04642286-93AC-4F71-845B-6BBA62FEE7E4}"
EndProject
Global
	GlobalSection(SolutionConfigurationPlatforms) = preSolution
		Debug|Any CPU = Debug|Any CPU
		Release|Any CPU = Release|Any CPU
	EndGlobalSection
	GlobalSection(ProjectConfigurationPlatforms) = postSolution
		{83BFC4B0-79CF-4CBD-9803-829C99BC3B40}.Debug|Any CPU.ActiveCfg = Debug|Any CPU
		{83BFC4B0-79CF-4CBD-9803-829C99BC3B40}.Debug|Any CPU.Build.0 = Debug|Any CPU
		{83BFC4B0-79CF-4CBD-9803-829C99BC3B40}.Release|Any CPU.ActiveCfg = Release|Any CPU
		{83BFC4B0-79CF-4CBD-9803-829C99BC3B40}.Release|Any CPU.Build.0 = Release|Any CPU
		{E463C894-9FB1-4143-B109-841C4DA08306}.Debug|Any CPU.ActiveCfg = Debug|Any CPU
		{E463C894-9FB1-4143-B109-841C4DA08306}.Debug|Any CPU.Build.0 = Debug|Any CPU
		{E463C894-9FB1-4143-B109-841C4DA08306}.Release|Any CPU.ActiveCfg = Release|Any CPU
		{E463C894-9FB1-4143-B109-841C4DA08306}.Release|Any CPU.Build.0 = Release|Any CPU
		{04642286-93AC-4F71-845B-6BBA62FEE7E4}.Debug|Any CPU.ActiveCfg = Debug|Any CPU
		{04642286-93AC-4F71-845B-6BBA62FEE7E4}.Release|Any CPU.ActiveCfg = Release|Any CPU
	EndGlobalSection
	GlobalSection(SolutionProperties) = preSolution
		HideSolutionNode = FALSE
	EndGlobalSection
	GlobalSection(ExtensibilityGlobals) = postSolution
		SolutionGuid = {61AC9DB6-BB57-4383-8A9A-577A39616440}
	EndGlobalSection
EndGlobal
